
Microsoft Visual Studio Solution File, Format Version 12.00
# Visual Studio Version 17
VisualStudioVersion = 17.5.002.0
MinimumVisualStudioVersion = 10.0.40219.1
Project("{9A19103F-16F7-4668-BE54-9A1E7A4F7556}") = "TestingApp.Test", "TestingApp.Test\TestingApp.Test.csproj", "{A39B3DD9-F33E-40ED-B12B-F492E7DF7DAA}"
EndProject
Project("{9A19103F-16F7-4668-BE54-9A1E7A4F7556}") = "TestingApp", "TestingApp\TestingApp.csproj", "{C57B4747-791F-4B94-93EA-4243FF975C37}"
EndProject
Global
	GlobalSection(SolutionConfigurationPlatforms) = preSolution
		Debug|Any CPU = Debug|Any CPU
		Release|Any CPU = Release|Any CPU
	EndGlobalSection
	GlobalSection(ProjectConfigurationPlatforms) = postSolution
		{A39B3DD9-F33E-40ED-B12B-F492E7DF7DAA}.Debug|Any CPU.ActiveCfg = Debug|Any CPU
		{A39B3DD9-F33E-40ED-B12B-F492E7DF7DAA}.Debug|Any CPU.Build.0 = Debug|Any CPU
		{A39B3DD9-F33E-40ED-B12B-F492E7DF7DAA}.Release|Any CPU.ActiveCfg = Release|Any CPU
		{A39B3DD9-F33E-40ED-B12B-F492E7DF7DAA}.Release|Any CPU.Build.0 = Release|Any CPU
		{C57B4747-791F-4B94-93EA-4243FF975C37}.Debug|Any CPU.ActiveCfg = Debug|Any CPU
		{C57B4747-791F-4B94-93EA-4243FF975C37}.Debug|Any CPU.Build.0 = Debug|Any CPU
		{C57B4747-791F-4B94-93EA-4243FF975C37}.Release|Any CPU.ActiveCfg = Release|Any CPU
		{C57B4747-791F-4B94-93EA-4243FF975C37}.Release|Any CPU.Build.0 = Release|Any CPU
	EndGlobalSection
	GlobalSection(SolutionProperties) = preSolution
		HideSolutionNode = FALSE
	EndGlobalSection
	GlobalSection(ExtensibilityGlobals) = postSolution
		SolutionGuid = {E45D05D7-0BF5-4DE6-98F3-E65ACC6C9030}
	EndGlobalSection
EndGlobal
